
Microsoft Visual Studio Solution File, Format Version 12.00
# Visual Studio Version 17
VisualStudioVersion = 17.10.35004.147
MinimumVisualStudioVersion = 10.0.40219.1
Project("{FAE04EC0-301F-11D3-BF4B-00C04F79EFBC}") = "AddressBook", "AddressBook\AddressBook.csproj", "{BEF7A53D-9675-4BF6-9C85-874029A79E17}"
EndProject
Global
	GlobalSection(SolutionConfigurationPlatforms) = preSolution
		Debug|Any CPU = Debug|Any CPU
		Release|Any CPU = Release|Any CPU
	EndGlobalSection
	GlobalSection(ProjectConfigurationPlatforms) = postSolution
		{BEF7A53D-9675-4BF6-9C85-874029A79E17}.Debug|Any CPU.ActiveCfg = Debug|Any CPU
		{BEF7A53D-9675-4BF6-9C85-874029A79E17}.Debug|Any CPU.Build.0 = Debug|Any CPU
		{BEF7A53D-9675-4BF6-9C85-874029A79E17}.Release|Any CPU.ActiveCfg = Release|Any CPU
		{BEF7A53D-9675-4BF6-9C85-874029A79E17}.Release|Any CPU.Build.0 = Release|Any CPU
	EndGlobalSection
	GlobalSection(SolutionProperties) = preSolution
		HideSolutionNode = FALSE
	EndGlobalSection
	GlobalSection(ExtensibilityGlobals) = postSolution
		SolutionGuid = {336E8E60-A400-4BB9-85EE-44838A4E36DB}
	EndGlobalSection
EndGlobal
